{"1.1.0",
[{<<"gleam_decode">>,{pkg,<<"gleam_decode">>,<<"1.3.0">>},0},
 {<<"gleam_stdlib">>,{pkg,<<"gleam_stdlib">>,<<"0.7.0">>},0},
 {<<"jsone">>,{pkg,<<"jsone">>,<<"1.5.2">>},0}]}.
[
{pkg_hash,[
 {<<"gleam_decode">>, <<"ED6876EEAB97EFAC4E2A097DD66B0967B29B05B5C2B95817108AB997954715E1">>},
 {<<"gleam_stdlib">>, <<"B641FCB5AD56CBD9CDB773C8547BEBA7CA16E85F31AAF9F3FE0F8AFD68AD0DF5">>},
 {<<"jsone">>, <<"87ADEA283C9CF24767B4DEED44602989A5331156DF5D60A2660E9C9114D54046">>}]}
].
